
Microsoft Visual Studio Solution File, Format Version 12.00
# Visual Studio Version 16
VisualStudioVersion = 16.0.30225.117
MinimumVisualStudioVersion = 10.0.40219.1
Project("{9A19103F-16F7-4668-BE54-9A1E7A4F7556}") = "Tutorial.Api", "Tutorial.Api\Tutorial.Api.csproj", "{D688444E-45D5-43E6-9640-9BA3E1DAB302}"
EndProject
Project("{2150E333-8FDC-42A3-9474-1A3956D46DE8}") = "API", "API", "{F0AC1660-1E10-4324-8D9B-9DBBC7595826}"
EndProject
Project("{2150E333-8FDC-42A3-9474-1A3956D46DE8}") = "Business", "Business", "{3E687D32-79ED-4EC5-8DD4-664B1B28CBF6}"
EndProject
Project("{2150E333-8FDC-42A3-9474-1A3956D46DE8}") = "Data", "Data", "{9CE66FAF-46EC-43ED-9811-9B63E99393E7}"
EndProject
Project("{2150E333-8FDC-42A3-9474-1A3956D46DE8}") = "Common", "Common", "{5738B856-E264-436A-A510-01F4197A339F}"
EndProject
Project("{2150E333-8FDC-42A3-9474-1A3956D46DE8}") = "IOC", "IOC", "{4200C6E7-69E6-431E-8F3C-7D7D2E60C0CF}"
EndProject
Project("{2150E333-8FDC-42A3-9474-1A3956D46DE8}") = "NUnit", "NUnit", "{B9E35CCC-9A68-4073-9C1C-EFDCCFA51500}"
EndProject
Project("{9A19103F-16F7-4668-BE54-9A1E7A4F7556}") = "Tutorial.Business", "Tutorial.Business\Tutorial.Business.csproj", "{B7F68431-61A6-4DF5-9244-32F44315E351}"
EndProject
Project("{9A19103F-16F7-4668-BE54-9A1E7A4F7556}") = "Tutorial.Data", "Tutorial.Data\Tutorial.Data.csproj", "{DE4D4D43-C9DA-45BA-80A2-6D5DFC7D11DA}"
EndProject
Project("{9A19103F-16F7-4668-BE54-9A1E7A4F7556}") = "Tutorial.IOC", "Tutorial.IOC\Tutorial.IOC.csproj", "{B70C9465-7084-4A72-B22E-83ED6AFFED2A}"
EndProject
Project("{9A19103F-16F7-4668-BE54-9A1E7A4F7556}") = "Tutorial.Logger", "Tutorial.Logger\Tutorial.Logger.csproj", "{1013D4CD-2773-484D-92F7-EF36553DDD1A}"
EndProject
Project("{9A19103F-16F7-4668-BE54-9A1E7A4F7556}") = "Tutorial.Security", "Tutorial.Security\Tutorial.Security.csproj", "{B1BD244E-FC27-4DEB-9A88-93AEFAC6D9BD}"
EndProject
Project("{9A19103F-16F7-4668-BE54-9A1E7A4F7556}") = "Tutorial.Global", "Tutorial.Global\Tutorial.Global.csproj", "{E8EDD085-69D6-4D1C-B9A0-B2110ABB3E88}"
EndProject
Project("{FAE04EC0-301F-11D3-BF4B-00C04F79EFBC}") = "Tutorial.Tests", "Tutorial.Tests\Tutorial.Tests.csproj", "{B1F2F7DB-C2FC-40ED-8366-078F6E5CCC4E}"
EndProject
Global
	GlobalSection(SolutionConfigurationPlatforms) = preSolution
		Debug|Any CPU = Debug|Any CPU
		Release|Any CPU = Release|Any CPU
	EndGlobalSection
	GlobalSection(ProjectConfigurationPlatforms) = postSolution
		{D688444E-45D5-43E6-9640-9BA3E1DAB302}.Debug|Any CPU.ActiveCfg = Debug|Any CPU
		{D688444E-45D5-43E6-9640-9BA3E1DAB302}.Debug|Any CPU.Build.0 = Debug|Any CPU
		{D688444E-45D5-43E6-9640-9BA3E1DAB302}.Release|Any CPU.ActiveCfg = Release|Any CPU
		{D688444E-45D5-43E6-9640-9BA3E1DAB302}.Release|Any CPU.Build.0 = Release|Any CPU
		{B7F68431-61A6-4DF5-9244-32F44315E351}.Debug|Any CPU.ActiveCfg = Debug|Any CPU
		{B7F68431-61A6-4DF5-9244-32F44315E351}.Debug|Any CPU.Build.0 = Debug|Any CPU
		{B7F68431-61A6-4DF5-9244-32F44315E351}.Release|Any CPU.ActiveCfg = Release|Any CPU
		{B7F68431-61A6-4DF5-9244-32F44315E351}.Release|Any CPU.Build.0 = Release|Any CPU
		{DE4D4D43-C9DA-45BA-80A2-6D5DFC7D11DA}.Debug|Any CPU.ActiveCfg = Debug|Any CPU
		{DE4D4D43-C9DA-45BA-80A2-6D5DFC7D11DA}.Debug|Any CPU.Build.0 = Debug|Any CPU
		{DE4D4D43-C9DA-45BA-80A2-6D5DFC7D11DA}.Release|Any CPU.ActiveCfg = Release|Any CPU
		{DE4D4D43-C9DA-45BA-80A2-6D5DFC7D11DA}.Release|Any CPU.Build.0 = Release|Any CPU
		{B70C9465-7084-4A72-B22E-83ED6AFFED2A}.Debug|Any CPU.ActiveCfg = Debug|Any CPU
		{B70C9465-7084-4A72-B22E-83ED6AFFED2A}.Debug|Any CPU.Build.0 = Debug|Any CPU
		{B70C9465-7084-4A72-B22E-83ED6AFFED2A}.Release|Any CPU.ActiveCfg = Release|Any CPU
		{B70C9465-7084-4A72-B22E-83ED6AFFED2A}.Release|Any CPU.Build.0 = Release|Any CPU
		{1013D4CD-2773-484D-92F7-EF36553DDD1A}.Debug|Any CPU.ActiveCfg = Debug|Any CPU
		{1013D4CD-2773-484D-92F7-EF36553DDD1A}.Debug|Any CPU.Build.0 = Debug|Any CPU
		{1013D4CD-2773-484D-92F7-EF36553DDD1A}.Release|Any CPU.ActiveCfg = Release|Any CPU
		{1013D4CD-2773-484D-92F7-EF36553DDD1A}.Release|Any CPU.Build.0 = Release|Any CPU
		{B1BD244E-FC27-4DEB-9A88-93AEFAC6D9BD}.Debug|Any CPU.ActiveCfg = Debug|Any CPU
		{B1BD244E-FC27-4DEB-9A88-93AEFAC6D9BD}.Debug|Any CPU.Build.0 = Debug|Any CPU
		{B1BD244E-FC27-4DEB-9A88-93AEFAC6D9BD}.Release|Any CPU.ActiveCfg = Release|Any CPU
		{B1BD244E-FC27-4DEB-9A88-93AEFAC6D9BD}.Release|Any CPU.Build.0 = Release|Any CPU
		{E8EDD085-69D6-4D1C-B9A0-B2110ABB3E88}.Debug|Any CPU.ActiveCfg = Debug|Any CPU
		{E8EDD085-69D6-4D1C-B9A0-B2110ABB3E88}.Debug|Any CPU.Build.0 = Debug|Any CPU
		{E8EDD085-69D6-4D1C-B9A0-B2110ABB3E88}.Release|Any CPU.ActiveCfg = Release|Any CPU
		{E8EDD085-69D6-4D1C-B9A0-B2110ABB3E88}.Release|Any CPU.Build.0 = Release|Any CPU
		{B1F2F7DB-C2FC-40ED-8366-078F6E5CCC4E}.Debug|Any CPU.ActiveCfg = Debug|Any CPU
		{B1F2F7DB-C2FC-40ED-8366-078F6E5CCC4E}.Debug|Any CPU.Build.0 = Debug|Any CPU
		{B1F2F7DB-C2FC-40ED-8366-078F6E5CCC4E}.Release|Any CPU.ActiveCfg = Release|Any CPU
		{B1F2F7DB-C2FC-40ED-8366-078F6E5CCC4E}.Release|Any CPU.Build.0 = Release|Any CPU
	EndGlobalSection
	GlobalSection(SolutionProperties) = preSolution
		HideSolutionNode = FALSE
	EndGlobalSection
	GlobalSection(NestedProjects) = preSolution
		{D688444E-45D5-43E6-9640-9BA3E1DAB302} = {F0AC1660-1E10-4324-8D9B-9DBBC7595826}
		{B7F68431-61A6-4DF5-9244-32F44315E351} = {3E687D32-79ED-4EC5-8DD4-664B1B28CBF6}
		{DE4D4D43-C9DA-45BA-80A2-6D5DFC7D11DA} = {9CE66FAF-46EC-43ED-9811-9B63E99393E7}
		{B70C9465-7084-4A72-B22E-83ED6AFFED2A} = {4200C6E7-69E6-431E-8F3C-7D7D2E60C0CF}
		{1013D4CD-2773-484D-92F7-EF36553DDD1A} = {5738B856-E264-436A-A510-01F4197A339F}
		{B1BD244E-FC27-4DEB-9A88-93AEFAC6D9BD} = {5738B856-E264-436A-A510-01F4197A339F}
		{E8EDD085-69D6-4D1C-B9A0-B2110ABB3E88} = {5738B856-E264-436A-A510-01F4197A339F}
		{B1F2F7DB-C2FC-40ED-8366-078F6E5CCC4E} = {B9E35CCC-9A68-4073-9C1C-EFDCCFA51500}
	EndGlobalSection
	GlobalSection(ExtensibilityGlobals) = postSolution
		SolutionGuid = {B1BAF168-5A37-448A-97B6-B5400D44C1DA}
	EndGlobalSection
EndGlobal
